
Microsoft Visual Studio Solution File, Format Version 12.00
# Visual Studio Version 17
VisualStudioVersion = 17.9.34622.214
MinimumVisualStudioVersion = 10.0.40219.1
Project("{FAE04EC0-301F-11D3-BF4B-00C04F79EFBC}") = "AngularAPI", "AngularAPI\AngularAPI.csproj", "{D16F7977-6CC0-4010-82A7-E35B62E30112}"
EndProject
Global
	GlobalSection(SolutionConfigurationPlatforms) = preSolution
		Debug|Any CPU = Debug|Any CPU
		Release|Any CPU = Release|Any CPU
	EndGlobalSection
	GlobalSection(ProjectConfigurationPlatforms) = postSolution
		{D16F7977-6CC0-4010-82A7-E35B62E30112}.Debug|Any CPU.ActiveCfg = Debug|Any CPU
		{D16F7977-6CC0-4010-82A7-E35B62E30112}.Debug|Any CPU.Build.0 = Debug|Any CPU
		{D16F7977-6CC0-4010-82A7-E35B62E30112}.Release|Any CPU.ActiveCfg = Release|Any CPU
		{D16F7977-6CC0-4010-82A7-E35B62E30112}.Release|Any CPU.Build.0 = Release|Any CPU
	EndGlobalSection
	GlobalSection(SolutionProperties) = preSolution
		HideSolutionNode = FALSE
	EndGlobalSection
	GlobalSection(ExtensibilityGlobals) = postSolution
		SolutionGuid = {6B14C2AF-51D1-4ECF-B6A9-6EF477843F50}
	EndGlobalSection
EndGlobal
